
Microsoft Visual Studio Solution File, Format Version 12.00
# Visual Studio Version 16
VisualStudioVersion = 16.0.30204.135
MinimumVisualStudioVersion = 10.0.40219.1
Project("{CC5FD16D-436D-48AD-A40C-5A424C6E3E79}") = "CloudService", "CloudService\CloudService.ccproj", "{53869822-0E43-47B2-B9D6-C4ACB94AA2B2}"
EndProject
Project("{FAE04EC0-301F-11D3-BF4B-00C04F79EFBC}") = "Server", "Server\Server.csproj", "{DECAD733-E16D-4DB8-AEAF-10E57113DE8B}"
EndProject
Global
	GlobalSection(SolutionConfigurationPlatforms) = preSolution
		Debug|Any CPU = Debug|Any CPU
		Release|Any CPU = Release|Any CPU
	EndGlobalSection
	GlobalSection(ProjectConfigurationPlatforms) = postSolution
		{53869822-0E43-47B2-B9D6-C4ACB94AA2B2}.Debug|Any CPU.ActiveCfg = Debug|Any CPU
		{53869822-0E43-47B2-B9D6-C4ACB94AA2B2}.Debug|Any CPU.Build.0 = Debug|Any CPU
		{53869822-0E43-47B2-B9D6-C4ACB94AA2B2}.Release|Any CPU.ActiveCfg = Release|Any CPU
		{53869822-0E43-47B2-B9D6-C4ACB94AA2B2}.Release|Any CPU.Build.0 = Release|Any CPU
		{DECAD733-E16D-4DB8-AEAF-10E57113DE8B}.Debug|Any CPU.ActiveCfg = Debug|Any CPU
		{DECAD733-E16D-4DB8-AEAF-10E57113DE8B}.Debug|Any CPU.Build.0 = Debug|Any CPU
		{DECAD733-E16D-4DB8-AEAF-10E57113DE8B}.Release|Any CPU.ActiveCfg = Release|Any CPU
		{DECAD733-E16D-4DB8-AEAF-10E57113DE8B}.Release|Any CPU.Build.0 = Release|Any CPU
	EndGlobalSection
	GlobalSection(SolutionProperties) = preSolution
		HideSolutionNode = FALSE
	EndGlobalSection
	GlobalSection(ExtensibilityGlobals) = postSolution
		SolutionGuid = {16E6C0D1-26DA-4D96-937D-FBE2C12E88C0}
	EndGlobalSection
EndGlobal
